PODS:
  - JYCCommentStarView (0.2.0)

DEPENDENCIES:
  - JYCCommentStarView (from `../`)

EXTERNAL SOURCES:
  JYCCommentStarView:
    :path: "../"

SPEC CHECKSUMS:
  JYCCommentStarView: c7049b269454fb512b8d00621e74ae5270b5e1d9

PODFILE CHECKSUM: 687d4f812e93963275d1e29de5d4126757a038d7

COCOAPODS: 1.2.1
